{
  "name": "example",
  "version": "1.0.0",
  "lockfileVersion": 1,
  "requires": true,
  "dependencies": {
    "create-app-site": {
      "version": "1.0.0",
      "requires": {
        "app-site-template": "^0.1.0",
        "aws-sdk": "^2.429.0",
        "fs-extra": "^7.0.1",
        "request": "^2.88.0",
        "request-promise": "^4.2.4"
      }
    }
  }
}
